
Microsoft Visual Studio Solution File, Format Version 12.00
# Visual Studio Version 16
VisualStudioVersion = 16.0.30330.147
MinimumVisualStudioVersion = 10.0.40219.1
Project("{FAE04EC0-301F-11D3-BF4B-00C04F79EFBC}") = "Service1", "Service1\Service1.csproj", "{9B0C539E-A24D-4DEE-BB40-34EF430ACBCB}"
EndProject
Project("{FAE04EC0-301F-11D3-BF4B-00C04F79EFBC}") = "Service2", "Service2\Service2.csproj", "{CD1336DD-3BD5-4167-B733-7E61DE24951B}"
EndProject
Project("{FAE04EC0-301F-11D3-BF4B-00C04F79EFBC}") = "ApiGateway", "ApiGateway\ApiGateway.csproj", "{7A9D92E8-952E-4336-A735-C2E2EC5CE11C}"
EndProject
Global
	GlobalSection(SolutionConfigurationPlatforms) = preSolution
		Debug|Any CPU = Debug|Any CPU
		Release|Any CPU = Release|Any CPU
	EndGlobalSection
	GlobalSection(ProjectConfigurationPlatforms) = postSolution
		{9B0C539E-A24D-4DEE-BB40-34EF430ACBCB}.Debug|Any CPU.ActiveCfg = Debug|Any CPU
		{9B0C539E-A24D-4DEE-BB40-34EF430ACBCB}.Debug|Any CPU.Build.0 = Debug|Any CPU
		{9B0C539E-A24D-4DEE-BB40-34EF430ACBCB}.Release|Any CPU.ActiveCfg = Release|Any CPU
		{9B0C539E-A24D-4DEE-BB40-34EF430ACBCB}.Release|Any CPU.Build.0 = Release|Any CPU
		{CD1336DD-3BD5-4167-B733-7E61DE24951B}.Debug|Any CPU.ActiveCfg = Debug|Any CPU
		{CD1336DD-3BD5-4167-B733-7E61DE24951B}.Debug|Any CPU.Build.0 = Debug|Any CPU
		{CD1336DD-3BD5-4167-B733-7E61DE24951B}.Release|Any CPU.ActiveCfg = Release|Any CPU
		{CD1336DD-3BD5-4167-B733-7E61DE24951B}.Release|Any CPU.Build.0 = Release|Any CPU
		{7A9D92E8-952E-4336-A735-C2E2EC5CE11C}.Debug|Any CPU.ActiveCfg = Debug|Any CPU
		{7A9D92E8-952E-4336-A735-C2E2EC5CE11C}.Debug|Any CPU.Build.0 = Debug|Any CPU
		{7A9D92E8-952E-4336-A735-C2E2EC5CE11C}.Release|Any CPU.ActiveCfg = Release|Any CPU
		{7A9D92E8-952E-4336-A735-C2E2EC5CE11C}.Release|Any CPU.Build.0 = Release|Any CPU
	EndGlobalSection
	GlobalSection(SolutionProperties) = preSolution
		HideSolutionNode = FALSE
	EndGlobalSection
	GlobalSection(ExtensibilityGlobals) = postSolution
		SolutionGuid = {79F56EBC-30D7-4F05-996E-62AE111658EF}
	EndGlobalSection
EndGlobal
